
Microsoft Visual Studio Solution File, Format Version 12.00
# Visual Studio Version 17
VisualStudioVersion = 17.13.35825.156
MinimumVisualStudioVersion = 10.0.40219.1
Project("{FAE04EC0-301F-11D3-BF4B-00C04F79EFBC}") = "Demo Layout", "Demo Layout\Demo Layout.csproj", "{B2C76C5D-E8B3-44AA-94F4-BBAF0F72A580}"
EndProject
Global
	GlobalSection(SolutionConfigurationPlatforms) = preSolution
		Debug|Any CPU = Debug|Any CPU
		Release|Any CPU = Release|Any CPU
	EndGlobalSection
	GlobalSection(ProjectConfigurationPlatforms) = postSolution
		{B2C76C5D-E8B3-44AA-94F4-BBAF0F72A580}.Debug|Any CPU.ActiveCfg = Debug|Any CPU
		{B2C76C5D-E8B3-44AA-94F4-BBAF0F72A580}.Debug|Any CPU.Build.0 = Debug|Any CPU
		{B2C76C5D-E8B3-44AA-94F4-BBAF0F72A580}.Release|Any CPU.ActiveCfg = Release|Any CPU
		{B2C76C5D-E8B3-44AA-94F4-BBAF0F72A580}.Release|Any CPU.Build.0 = Release|Any CPU
	EndGlobalSection
	GlobalSection(SolutionProperties) = preSolution
		HideSolutionNode = FALSE
	EndGlobalSection
	GlobalSection(ExtensibilityGlobals) = postSolution
		SolutionGuid = {80A1FF07-1C38-427B-B399-2EF12DD9EBDE}
	EndGlobalSection
EndGlobal
